Microsoft Visual Studio Solution File, Format Version 12.00
# Visual Studio Version 17
VisualStudioVersion = 17.0.31903.59
MinimumVisualStudioVersion = 10.0.40219.1
Project("{FAE04EC0-301F-11D3-BF4B-00C04F79EFBC}") = "SchoolEnterprise", "SchoolEnterprise\SchoolEnterprise.csproj", "{3B5FD6C4-2E09-4E27-ACAF-B0802A4E1E51}"
EndProject
Global
	GlobalSection(SolutionConfigurationPlatforms) = preSolution
		Debug|Any CPU = Debug|Any CPU
		Release|Any CPU = Release|Any CPU
	EndGlobalSection
	GlobalSection(ProjectConfigurationPlatforms) = postSolution
		{3B5FD6C4-2E09-4E27-ACAF-B0802A4E1E51}.Debug|Any CPU.ActiveCfg = Debug|Any CPU
		{3B5FD6C4-2E09-4E27-ACAF-B0802A4E1E51}.Debug|Any CPU.Build.0 = Debug|Any CPU
		{3B5FD6C4-2E09-4E27-ACAF-B0802A4E1E51}.Release|Any CPU.ActiveCfg = Release|Any CPU
		{3B5FD6C4-2E09-4E27-ACAF-B0802A4E1E51}.Release|Any CPU.Build.0 = Release|Any CPU
	EndGlobalSection
EndGlobal
